
Microsoft Visual Studio Solution File, Format Version 12.00
# Visual Studio Version 17
VisualStudioVersion = 17.13.35931.197 d17.13
MinimumVisualStudioVersion = 10.0.40219.1
Project("{D2ABAB84-BF74-430A-B69E-9DC6D40DDA17}") = "StockExchangeAnalysis", "StockExchangeAnalysis\StockExchangeAnalysis.dwproj", "{435C200F-E5F5-F522-B923-6776F4661F8F}"
EndProject
Global
	GlobalSection(SolutionConfigurationPlatforms) = preSolution
		Development|Default = Development|Default
	EndGlobalSection
	GlobalSection(ProjectConfigurationPlatforms) = postSolution
		{435C200F-E5F5-F522-B923-6776F4661F8F}.Development|Default.ActiveCfg = Development
		{435C200F-E5F5-F522-B923-6776F4661F8F}.Development|Default.Build.0 = Development
		{435C200F-E5F5-F522-B923-6776F4661F8F}.Development|Default.Deploy.0 = Development
	EndGlobalSection
	GlobalSection(SolutionProperties) = preSolution
		HideSolutionNode = FALSE
	EndGlobalSection
	GlobalSection(ExtensibilityGlobals) = postSolution
		SolutionGuid = {49457DBB-4177-4A3E-A763-EAC0116A946F}
	EndGlobalSection
EndGlobal
